
Microsoft Visual Studio Solution File, Format Version 12.00
# Visual Studio Version 16
VisualStudioVersion = 16.0.30413.136
MinimumVisualStudioVersion = 10.0.40219.1
Project("{FAE04EC0-301F-11D3-BF4B-00C04F79EFBC}") = "CollageGrades", "CollageGrades\CollageGrades.csproj", "{A176CC98-BB79-4305-B12C-74E7EF2B7468}"
EndProject
Project("{FAE04EC0-301F-11D3-BF4B-00C04F79EFBC}") = "CollageGrades.Core", "CollageGrades.Core\CollageGrades.Core.csproj", "{B476211D-B122-4A8D-A270-34C46C6746A1}"
EndProject
Project("{FAE04EC0-301F-11D3-BF4B-00C04F79EFBC}") = "CollageGrades.Data", "CollageGrades.Data\CollageGrades.Data.csproj", "{83019F6A-E0B0-45CE-A298-81FEF75D2013}"
EndProject
Global
	GlobalSection(SolutionConfigurationPlatforms) = preSolution
		Debug|Any CPU = Debug|Any CPU
		Release|Any CPU = Release|Any CPU
	EndGlobalSection
	GlobalSection(ProjectConfigurationPlatforms) = postSolution
		{A176CC98-BB79-4305-B12C-74E7EF2B7468}.Debug|Any CPU.ActiveCfg = Debug|Any CPU
		{A176CC98-BB79-4305-B12C-74E7EF2B7468}.Debug|Any CPU.Build.0 = Debug|Any CPU
		{A176CC98-BB79-4305-B12C-74E7EF2B7468}.Release|Any CPU.ActiveCfg = Release|Any CPU
		{A176CC98-BB79-4305-B12C-74E7EF2B7468}.Release|Any CPU.Build.0 = Release|Any CPU
		{B476211D-B122-4A8D-A270-34C46C6746A1}.Debug|Any CPU.ActiveCfg = Debug|Any CPU
		{B476211D-B122-4A8D-A270-34C46C6746A1}.Debug|Any CPU.Build.0 = Debug|Any CPU
		{B476211D-B122-4A8D-A270-34C46C6746A1}.Release|Any CPU.ActiveCfg = Release|Any CPU
		{B476211D-B122-4A8D-A270-34C46C6746A1}.Release|Any CPU.Build.0 = Release|Any CPU
		{83019F6A-E0B0-45CE-A298-81FEF75D2013}.Debug|Any CPU.ActiveCfg = Debug|Any CPU
		{83019F6A-E0B0-45CE-A298-81FEF75D2013}.Debug|Any CPU.Build.0 = Debug|Any CPU
		{83019F6A-E0B0-45CE-A298-81FEF75D2013}.Release|Any CPU.ActiveCfg = Release|Any CPU
		{83019F6A-E0B0-45CE-A298-81FEF75D2013}.Release|Any CPU.Build.0 = Release|Any CPU
	EndGlobalSection
	GlobalSection(SolutionProperties) = preSolution
		HideSolutionNode = FALSE
	EndGlobalSection
	GlobalSection(ExtensibilityGlobals) = postSolution
		SolutionGuid = {D3294612-6102-44FC-8BC0-FDC52F06A8F7}
	EndGlobalSection
EndGlobal
